
Microsoft Visual Studio Solution File, Format Version 12.00
# Visual Studio Version 17
VisualStudioVersion = 17.9.34723.18
MinimumVisualStudioVersion = 10.0.40219.1
Project("{FAE04EC0-301F-11D3-BF4B-00C04F79EFBC}") = "SatisYonetim", "SatisYonetim\SatisYonetim.csproj", "{742B5317-92AE-41BC-AF99-06B6C5C54CCD}"
EndProject
Global
	GlobalSection(SolutionConfigurationPlatforms) = preSolution
		Debug|Any CPU = Debug|Any CPU
		Release|Any CPU = Release|Any CPU
	EndGlobalSection
	GlobalSection(ProjectConfigurationPlatforms) = postSolution
		{742B5317-92AE-41BC-AF99-06B6C5C54CCD}.Debug|Any CPU.ActiveCfg = Debug|Any CPU
		{742B5317-92AE-41BC-AF99-06B6C5C54CCD}.Debug|Any CPU.Build.0 = Debug|Any CPU
		{742B5317-92AE-41BC-AF99-06B6C5C54CCD}.Release|Any CPU.ActiveCfg = Release|Any CPU
		{742B5317-92AE-41BC-AF99-06B6C5C54CCD}.Release|Any CPU.Build.0 = Release|Any CPU
	EndGlobalSection
	GlobalSection(SolutionProperties) = preSolution
		HideSolutionNode = FALSE
	EndGlobalSection
	GlobalSection(ExtensibilityGlobals) = postSolution
		SolutionGuid = {B6D6EEB5-8A3A-4183-AB5A-FDB7CEC9B84B}
	EndGlobalSection
EndGlobal
